
Microsoft Visual Studio Solution File, Format Version 12.00
# Visual Studio Version 17
VisualStudioVersion = 17.5.33414.496
MinimumVisualStudioVersion = 10.0.40219.1
Project("{FAE04EC0-301F-11D3-BF4B-00C04F79EFBC}") = "MedicalStore", "MedicalStore\MedicalStore.csproj", "{BF9C3B85-1BE4-4711-81C7-40149BD5A053}"
EndProject
Global
	GlobalSection(SolutionConfigurationPlatforms) = preSolution
		Debug|Any CPU = Debug|Any CPU
		Release|Any CPU = Release|Any CPU
	EndGlobalSection
	GlobalSection(ProjectConfigurationPlatforms) = postSolution
		{BF9C3B85-1BE4-4711-81C7-40149BD5A053}.Debug|Any CPU.ActiveCfg = Debug|Any CPU
		{BF9C3B85-1BE4-4711-81C7-40149BD5A053}.Debug|Any CPU.Build.0 = Debug|Any CPU
		{BF9C3B85-1BE4-4711-81C7-40149BD5A053}.Release|Any CPU.ActiveCfg = Release|Any CPU
		{BF9C3B85-1BE4-4711-81C7-40149BD5A053}.Release|Any CPU.Build.0 = Release|Any CPU
	EndGlobalSection
	GlobalSection(SolutionProperties) = preSolution
		HideSolutionNode = FALSE
	EndGlobalSection
	GlobalSection(ExtensibilityGlobals) = postSolution
		SolutionGuid = {A894BAC9-D401-4343-B5A2-155005D0F8D8}
	EndGlobalSection
EndGlobal
